<?xml version="1.0" encoding="utf-8"?>
<Project ToolsVersion="4.0" xmlns="http://schemas.microsoft.com/developer/msbuild/2003">
  <ItemGroup>
    <Filter Include="Исходные файлы">
      <UniqueIdentifier>{4FC737F1-C7A5-4376-A066-2A32D752A2FF}</UniqueIdentifier>
      <Extensions>cpp;c;cc;cxx;c++;cppm;ixx;def;odl;idl;hpj;bat;asm;asmx</Extensions>
    </Filter>
    <Filter Include="Файлы заголовков">
      <UniqueIdentifier>{93995380-89BD-4b04-88EB-625FBE52EBFB}</UniqueIdentifier>
      <Extensions>h;hh;hpp;hxx;h++;hm;inl;inc;ipp;xsd</Extensions>
    </Filter>
    <Filter Include="Файлы ресурсов">
      <UniqueIdentifier>{67DA6AB6-F800-4c08-8B7A-83BB121AAD01}</UniqueIdentifier>
      <Extensions>rc;ico;cur;bmp;dlg;rc2;rct;bin;rgs;gif;jpg;jpeg;jpe;resx;tiff;tif;png;wav;mfcribbon-ms</Extensions>
    </Filter>
    <Filter Include="Aircrafts">
      <UniqueIdentifier>{7d87aef5-d9b2-4bc7-b152-38c2b60eab36}</UniqueIdentifier>
    </Filter>
    <Filter Include="Barrier">
      <UniqueIdentifier>{50516e3c-2c1f-4cb9-8256-b72361afab71}</UniqueIdentifier>
    </Filter>
  </ItemGroup>
  <ItemGroup>
    <ClCompile Include="src\LW.cpp">
      <Filter>Исходные файлы</Filter>
    </ClCompile>
    <ClCompile Include="src\GameObject.cpp">
      <Filter>Исходные файлы</Filter>
    </ClCompile>
    <ClCompile Include="src\pch.cpp">
      <Filter>Исходные файлы</Filter>
    </ClCompile>
    <ClCompile Include="src\Point.cpp">
      <Filter>Исходные файлы</Filter>
    </ClCompile>
    <ClCompile Include="src\Location.cpp">
      <Filter>Исходные файлы</Filter>
    </ClCompile>
    <ClCompile Include="src\Game.cpp">
      <Filter>Исходные файлы</Filter>
    </ClCompile>
    <ClCompile Include="src\ControllableObject.cpp">
      <Filter>Исходные файлы</Filter>
    </ClCompile>
    <ClCompile Include="src\Aircraft.cpp">
      <Filter>Aircrafts</Filter>
    </ClCompile>
    <ClCompile Include="src\SlowAircraft.cpp">
      <Filter>Aircrafts</Filter>
    </ClCompile>
    <ClCompile Include="src\Barrier.cpp">
      <Filter>Barrier</Filter>
    </ClCompile>
    <ClCompile Include="src\Rock.cpp">
      <Filter>Barrier</Filter>
    </ClCompile>
    <ClCompile Include="src\DeadAircraft.cpp">
      <Filter>Aircrafts</Filter>
    </ClCompile>
    <ClCompile Include="src\CargoAircraft.cpp">
      <Filter>Aircrafts</Filter>
    </ClCompile>
    <ClCompile Include="src\RocketCarrierAircraft.cpp">
      <Filter>Aircrafts</Filter>
    </ClCompile>
    <ClCompile Include="src\Cloud.cpp">
      <Filter>Barrier</Filter>
    </ClCompile>
    <ClCompile Include="src\RocketStation.cpp">
      <Filter>Barrier</Filter>
    </ClCompile>
  </ItemGroup>
  <ItemGroup>
    <ClInclude Include="src\GameObject.h">
      <Filter>Файлы заголовков</Filter>
    </ClInclude>
    <ClInclude Include="src\pch.h">
      <Filter>Файлы заголовков</Filter>
    </ClInclude>
    <ClInclude Include="src\Point.h">
      <Filter>Файлы заголовков</Filter>
    </ClInclude>
    <ClInclude Include="src\Location.h">
      <Filter>Файлы заголовков</Filter>
    </ClInclude>
    <ClInclude Include="src\Constants.h">
      <Filter>Файлы заголовков</Filter>
    </ClInclude>
    <ClInclude Include="src\Game.h">
      <Filter>Файлы заголовков</Filter>
    </ClInclude>
    <ClInclude Include="src\ControllableObject.h">
      <Filter>Файлы заголовков</Filter>
    </ClInclude>
    <ClInclude Include="src\Aircraft.h">
      <Filter>Aircrafts</Filter>
    </ClInclude>
    <ClInclude Include="src\SlowAircraft.h">
      <Filter>Aircrafts</Filter>
    </ClInclude>
    <ClInclude Include="src\Barrier.h">
      <Filter>Barrier</Filter>
    </ClInclude>
    <ClInclude Include="src\Rock.h">
      <Filter>Barrier</Filter>
    </ClInclude>
    <ClInclude Include="src\DeadAircraft.h">
      <Filter>Aircrafts</Filter>
    </ClInclude>
    <ClInclude Include="src\CargoAircraft.h">
      <Filter>Aircrafts</Filter>
    </ClInclude>
    <ClInclude Include="src\RocketCarrierAircraft.h">
      <Filter>Aircrafts</Filter>
    </ClInclude>
    <ClInclude Include="src\Cloud.h">
      <Filter>Barrier</Filter>
    </ClInclude>
    <ClInclude Include="src\RocketStation.h">
      <Filter>Barrier</Filter>
    </ClInclude>
  </ItemGroup>
  <ItemGroup>
    <None Include="ClassDiagram.cd" />
  </ItemGroup>
</Project>